
Microsoft Visual Studio Solution File, Format Version 12.00
# Visual Studio Version 16
VisualStudioVersion = 16.0.29509.3
MinimumVisualStudioVersion = 10.0.40219.1
Project("{FAE04EC0-301F-11D3-BF4B-00C04F79EFBC}") = "BGD", "BGD\BGD.csproj", "{BF1D0460-63EF-4079-96C7-1EF7F93275FB}"
EndProject
Global
	GlobalSection(SolutionConfigurationPlatforms) = preSolution
		Debug|Any CPU = Debug|Any CPU
		Release|Any CPU = Release|Any CPU
	EndGlobalSection
	GlobalSection(ProjectConfigurationPlatforms) = postSolution
		{BF1D0460-63EF-4079-96C7-1EF7F93275FB}.Debug|Any CPU.ActiveCfg = Debug|Any CPU
		{BF1D0460-63EF-4079-96C7-1EF7F93275FB}.Debug|Any CPU.Build.0 = Debug|Any CPU
		{BF1D0460-63EF-4079-96C7-1EF7F93275FB}.Release|Any CPU.ActiveCfg = Release|Any CPU
		{BF1D0460-63EF-4079-96C7-1EF7F93275FB}.Release|Any CPU.Build.0 = Release|Any CPU
	EndGlobalSection
	GlobalSection(SolutionProperties) = preSolution
		HideSolutionNode = FALSE
	EndGlobalSection
	GlobalSection(ExtensibilityGlobals) = postSolution
		SolutionGuid = {7C980667-036E-4651-A308-ED03AE79B64A}
	EndGlobalSection
EndGlobal
